
Microsoft Visual Studio Solution File, Format Version 12.00
# Visual Studio Version 17
VisualStudioVersion = 17.1.32421.90
MinimumVisualStudioVersion = 10.0.40219.1
Project("{2150E333-8FDC-42A3-9474-1A3956D46DE8}") = "Solution Items", "Solution Items", "{E492EC55-D962-4E0B-9495-D73239A604AC}"
	ProjectSection(SolutionItems) = preProject
		.gitignore = .gitignore
		README.md = README.md
	EndProjectSection
EndProject
Project("{9A19103F-16F7-4668-BE54-9A1E7A4F7556}") = "DI", "DI\DI.csproj", "{87F1DFCF-2491-4327-9F9D-A8901E888CBF}"
EndProject
Project("{9A19103F-16F7-4668-BE54-9A1E7A4F7556}") = "no_DI", "no_DI\no_DI.csproj", "{8233CB09-E750-4A8A-A6ED-5B9AE7582CE9}"
EndProject
Project("{9A19103F-16F7-4668-BE54-9A1E7A4F7556}") = "Coupling", "Coupling\Coupling.csproj", "{BBA74394-9528-4BB6-9D66-7FE42D3483BC}"
EndProject
Project("{FAE04EC0-301F-11D3-BF4B-00C04F79EFBC}") = "ConditionalDI", "ConditionalDI\ConditionalDI.csproj", "{174DD0AA-357C-42AE-8A0B-E6170FC826C4}"
EndProject
Global
	GlobalSection(SolutionConfigurationPlatforms) = preSolution
		Debug|Any CPU = Debug|Any CPU
		Release|Any CPU = Release|Any CPU
	EndGlobalSection
	GlobalSection(ProjectConfigurationPlatforms) = postSolution
		{87F1DFCF-2491-4327-9F9D-A8901E888CBF}.Debug|Any CPU.ActiveCfg = Debug|Any CPU
		{87F1DFCF-2491-4327-9F9D-A8901E888CBF}.Debug|Any CPU.Build.0 = Debug|Any CPU
		{87F1DFCF-2491-4327-9F9D-A8901E888CBF}.Release|Any CPU.ActiveCfg = Release|Any CPU
		{87F1DFCF-2491-4327-9F9D-A8901E888CBF}.Release|Any CPU.Build.0 = Release|Any CPU
		{8233CB09-E750-4A8A-A6ED-5B9AE7582CE9}.Debug|Any CPU.ActiveCfg = Debug|Any CPU
		{8233CB09-E750-4A8A-A6ED-5B9AE7582CE9}.Debug|Any CPU.Build.0 = Debug|Any CPU
		{8233CB09-E750-4A8A-A6ED-5B9AE7582CE9}.Release|Any CPU.ActiveCfg = Release|Any CPU
		{8233CB09-E750-4A8A-A6ED-5B9AE7582CE9}.Release|Any CPU.Build.0 = Release|Any CPU
		{BBA74394-9528-4BB6-9D66-7FE42D3483BC}.Debug|Any CPU.ActiveCfg = Debug|Any CPU
		{BBA74394-9528-4BB6-9D66-7FE42D3483BC}.Debug|Any CPU.Build.0 = Debug|Any CPU
		{BBA74394-9528-4BB6-9D66-7FE42D3483BC}.Release|Any CPU.ActiveCfg = Release|Any CPU
		{BBA74394-9528-4BB6-9D66-7FE42D3483BC}.Release|Any CPU.Build.0 = Release|Any CPU
		{174DD0AA-357C-42AE-8A0B-E6170FC826C4}.Debug|Any CPU.ActiveCfg = Debug|Any CPU
		{174DD0AA-357C-42AE-8A0B-E6170FC826C4}.Debug|Any CPU.Build.0 = Debug|Any CPU
		{174DD0AA-357C-42AE-8A0B-E6170FC826C4}.Release|Any CPU.ActiveCfg = Release|Any CPU
		{174DD0AA-357C-42AE-8A0B-E6170FC826C4}.Release|Any CPU.Build.0 = Release|Any CPU
	EndGlobalSection
	GlobalSection(SolutionProperties) = preSolution
		HideSolutionNode = FALSE
	EndGlobalSection
	GlobalSection(ExtensibilityGlobals) = postSolution
		SolutionGuid = {BF8DBFC8-B332-4E30-923C-79CD3D460EFD}
	EndGlobalSection
EndGlobal
