
Microsoft Visual Studio Solution File, Format Version 12.00
# Visual Studio Version 17
VisualStudioVersion = 17.1.32421.90
MinimumVisualStudioVersion = 10.0.40219.1
Project("{9A19103F-16F7-4668-BE54-9A1E7A4F7556}") = "con_DI", "con_DI\con_DI.csproj", "{9601F418-E9F3-4D5D-9657-313D6C5A0ACD}"
EndProject
Project("{9A19103F-16F7-4668-BE54-9A1E7A4F7556}") = "sin_DI", "sin_DI\sin_DI.csproj", "{BC81B70F-7DF5-4515-955B-62D38AA984F5}"
EndProject
Project("{2150E333-8FDC-42A3-9474-1A3956D46DE8}") = "Solution Items", "Solution Items", "{E492EC55-D962-4E0B-9495-D73239A604AC}"
	ProjectSection(SolutionItems) = preProject
		.gitignore = .gitignore
		README.md = README.md
	EndProjectSection
EndProject
Project("{FAE04EC0-301F-11D3-BF4B-00C04F79EFBC}") = "DI", "DI\DI.csproj", "{87F1DFCF-2491-4327-9F9D-A8901E888CBF}"
EndProject
Project("{FAE04EC0-301F-11D3-BF4B-00C04F79EFBC}") = "no_DI", "no_DI\no_DI.csproj", "{8233CB09-E750-4A8A-A6ED-5B9AE7582CE9}"
EndProject
Global
	GlobalSection(SolutionConfigurationPlatforms) = preSolution
		Debug|Any CPU = Debug|Any CPU
		Release|Any CPU = Release|Any CPU
	EndGlobalSection
	GlobalSection(ProjectConfigurationPlatforms) = postSolution
		{9601F418-E9F3-4D5D-9657-313D6C5A0ACD}.Debug|Any CPU.ActiveCfg = Debug|Any CPU
		{9601F418-E9F3-4D5D-9657-313D6C5A0ACD}.Debug|Any CPU.Build.0 = Debug|Any CPU
		{9601F418-E9F3-4D5D-9657-313D6C5A0ACD}.Release|Any CPU.ActiveCfg = Release|Any CPU
		{9601F418-E9F3-4D5D-9657-313D6C5A0ACD}.Release|Any CPU.Build.0 = Release|Any CPU
		{BC81B70F-7DF5-4515-955B-62D38AA984F5}.Debug|Any CPU.ActiveCfg = Debug|Any CPU
		{BC81B70F-7DF5-4515-955B-62D38AA984F5}.Debug|Any CPU.Build.0 = Debug|Any CPU
		{BC81B70F-7DF5-4515-955B-62D38AA984F5}.Release|Any CPU.ActiveCfg = Release|Any CPU
		{BC81B70F-7DF5-4515-955B-62D38AA984F5}.Release|Any CPU.Build.0 = Release|Any CPU
		{87F1DFCF-2491-4327-9F9D-A8901E888CBF}.Debug|Any CPU.ActiveCfg = Debug|Any CPU
		{87F1DFCF-2491-4327-9F9D-A8901E888CBF}.Debug|Any CPU.Build.0 = Debug|Any CPU
		{87F1DFCF-2491-4327-9F9D-A8901E888CBF}.Release|Any CPU.ActiveCfg = Release|Any CPU
		{87F1DFCF-2491-4327-9F9D-A8901E888CBF}.Release|Any CPU.Build.0 = Release|Any CPU
		{8233CB09-E750-4A8A-A6ED-5B9AE7582CE9}.Debug|Any CPU.ActiveCfg = Debug|Any CPU
		{8233CB09-E750-4A8A-A6ED-5B9AE7582CE9}.Debug|Any CPU.Build.0 = Debug|Any CPU
		{8233CB09-E750-4A8A-A6ED-5B9AE7582CE9}.Release|Any CPU.ActiveCfg = Release|Any CPU
		{8233CB09-E750-4A8A-A6ED-5B9AE7582CE9}.Release|Any CPU.Build.0 = Release|Any CPU
	EndGlobalSection
	GlobalSection(SolutionProperties) = preSolution
		HideSolutionNode = FALSE
	EndGlobalSection
	GlobalSection(ExtensibilityGlobals) = postSolution
		SolutionGuid = {BF8DBFC8-B332-4E30-923C-79CD3D460EFD}
	EndGlobalSection
EndGlobal
