
Microsoft Visual Studio Solution File, Format Version 12.00
# Visual Studio Version 16
VisualStudioVersion = 16.0.30114.105
MinimumVisualStudioVersion = 10.0.40219.1
Project("{FAE04EC0-301F-11D3-BF4B-00C04F79EFBC}") = "con_DI", "con_DI\con_DI.csproj", "{9601F418-E9F3-4D5D-9657-313D6C5A0ACD}"
EndProject
Project("{FAE04EC0-301F-11D3-BF4B-00C04F79EFBC}") = "sin_DI", "sin_DI\sin_DI.csproj", "{BC81B70F-7DF5-4515-955B-62D38AA984F5}"
EndProject
Global
	GlobalSection(SolutionConfigurationPlatforms) = preSolution
		Debug|Any CPU = Debug|Any CPU
		Release|Any CPU = Release|Any CPU
	EndGlobalSection
	GlobalSection(SolutionProperties) = preSolution
		HideSolutionNode = FALSE
	EndGlobalSection
	GlobalSection(ProjectConfigurationPlatforms) = postSolution
		{9601F418-E9F3-4D5D-9657-313D6C5A0ACD}.Debug|Any CPU.ActiveCfg = Debug|Any CPU
		{9601F418-E9F3-4D5D-9657-313D6C5A0ACD}.Debug|Any CPU.Build.0 = Debug|Any CPU
		{9601F418-E9F3-4D5D-9657-313D6C5A0ACD}.Release|Any CPU.ActiveCfg = Release|Any CPU
		{9601F418-E9F3-4D5D-9657-313D6C5A0ACD}.Release|Any CPU.Build.0 = Release|Any CPU
		{BC81B70F-7DF5-4515-955B-62D38AA984F5}.Debug|Any CPU.ActiveCfg = Debug|Any CPU
		{BC81B70F-7DF5-4515-955B-62D38AA984F5}.Debug|Any CPU.Build.0 = Debug|Any CPU
		{BC81B70F-7DF5-4515-955B-62D38AA984F5}.Release|Any CPU.ActiveCfg = Release|Any CPU
		{BC81B70F-7DF5-4515-955B-62D38AA984F5}.Release|Any CPU.Build.0 = Release|Any CPU
	EndGlobalSection
EndGlobal
